
Microsoft Visual Studio Solution File, Format Version 11.00
# Visual Studio 2010
Project("{2150E333-8FDC-42A3-9474-1A3956D46DE8}") = "transports", "transports", "{D56DE5D4-1D69-4AEB-A608-813380DB18BA}"
EndProject
Project("{2150E333-8FDC-42A3-9474-1A3956D46DE8}") = "storage", "storage", "{87923509-DC27-41B9-BE0F-C1D96C1D347F}"
EndProject
Project("{2150E333-8FDC-42A3-9474-1A3956D46DE8}") = "NHibernate", "NHibernate", "{DC73683F-A88F-415C-8CD9-6E29D782A180}"
EndProject
Project("{FAE04EC0-301F-11D3-BF4B-00C04F79EFBC}") = "Monaco.Tests", "tests\Monaco.Tests\Monaco.Tests.csproj", "{3C120E2B-CB48-4F18-A0A6-4ADD206DE91B}"
EndProject
Project("{FAE04EC0-301F-11D3-BF4B-00C04F79EFBC}") = "Monaco.Host", "src\Monaco.Host\Monaco.Host.csproj", "{544799EE-4974-469F-BF7C-B557A86857D3}"
EndProject
Project("{FAE04EC0-301F-11D3-BF4B-00C04F79EFBC}") = "Monaco", "src\Monaco\Monaco.csproj", "{2CAD4D0B-EB3D-4575-9809-3EB0BB0E23AC}"
EndProject
Project("{2150E333-8FDC-42A3-9474-1A3956D46DE8}") = "Solution Items", "Solution Items", "{02F6D47D-4C56-44C3-A6EC-49ED345C9C2D}"
	ProjectSection(SolutionItems) = preProject
		src\Monaco\credits.txt = src\Monaco\credits.txt
		default.ps1 = default.ps1
		readme.txt = readme.txt
	EndProjectSection
EndProject
Project("{2150E333-8FDC-42A3-9474-1A3956D46DE8}") = "EF", "EF", "{E21A2D06-D69C-4C10-94BE-82A61DCD1D2F}"
EndProject
Project("{2150E333-8FDC-42A3-9474-1A3956D46DE8}") = "extensibility", "extensibility", "{48DA0C54-AB0D-4BDA-9BBD-A5795EEF403F}"
EndProject
Project("{2150E333-8FDC-42A3-9474-1A3956D46DE8}") = "source", "source", "{668B5D38-3D3A-4884-BAE1-61DD3B13BD0E}"
EndProject
Project("{2150E333-8FDC-42A3-9474-1A3956D46DE8}") = "msmq", "msmq", "{F852E290-8B1F-40A7-9188-53523F9AB935}"
EndProject
Project("{2150E333-8FDC-42A3-9474-1A3956D46DE8}") = "wcf", "wcf", "{3787A546-0D2B-4145-9A2E-95B1C5F76DEA}"
EndProject
Project("{2150E333-8FDC-42A3-9474-1A3956D46DE8}") = "rabbitmq", "rabbitmq", "{116E25C3-60AA-47FB-B0B0-F2650D914C41}"
EndProject
Project("{2150E333-8FDC-42A3-9474-1A3956D46DE8}") = "rhinoqueues", "rhinoqueues", "{2E03CF11-D945-45D9-BD0E-927E5A7964A5}"
EndProject
Project("{2150E333-8FDC-42A3-9474-1A3956D46DE8}") = "modelling", "modelling", "{212DBDC0-8221-450B-B134-735BCF829D64}"
EndProject
Project("{2150E333-8FDC-42A3-9474-1A3956D46DE8}") = "visualization", "visualization", "{E528E0EA-0012-4584-A030-14554830AADB}"
EndProject
Project("{2150E333-8FDC-42A3-9474-1A3956D46DE8}") = "file", "file", "{8AD64DF7-4B25-4A62-BBB5-322A5507E058}"
EndProject
Project("{2150E333-8FDC-42A3-9474-1A3956D46DE8}") = "db", "db", "{9ACCBE38-681E-425F-9D2E-EC5F74D04FB5}"
EndProject
Project("{2150E333-8FDC-42A3-9474-1A3956D46DE8}") = "azure", "azure", "{A956B660-3A75-4E28-B008-3D475E7BB12B}"
EndProject
Project("{FAE04EC0-301F-11D3-BF4B-00C04F79EFBC}") = "Monaco.Distributor", "src\Monaco.Distributor\Monaco.Distributor.csproj", "{62AF5D81-19A8-4E1F-A09E-0B3C4025A121}"
EndProject
Project("{2150E333-8FDC-42A3-9474-1A3956D46DE8}") = "tests", "tests", "{4EEE1D33-2D47-4670-8312-6EF07C2DEA10}"
EndProject
Project("{FAE04EC0-301F-11D3-BF4B-00C04F79EFBC}") = "Monaco.Transports.RabbitMQ", "src\Extensibility\Transports\Monaco.Transports.RabbitMQ\Monaco.Transports.RabbitMQ.csproj", "{B4619FC5-3D49-49F9-94A8-796419A1FFD5}"
EndProject
Project("{FAE04EC0-301F-11D3-BF4B-00C04F79EFBC}") = "Monaco.Transports.DB.Tests", "tests\Monaco.Transports.DB.Tests\Monaco.Transports.DB.Tests.csproj", "{6FF74713-2781-4299-AD94-BD0A203FB293}"
EndProject
Project("{FAE04EC0-301F-11D3-BF4B-00C04F79EFBC}") = "Monaco.Transports.File.Tests", "tests\Monaco.Transports.File.Tests\Monaco.Transports.File.Tests.csproj", "{B96FEE19-4CC3-4E9E-AD1A-77D0DE6680E8}"
EndProject
Project("{FAE04EC0-301F-11D3-BF4B-00C04F79EFBC}") = "Monaco.Transports.Msmq.Tests", "tests\Monaco.Transports.Msmq.Tests\Monaco.Transports.Msmq.Tests.csproj", "{B3D625F2-1FAA-41A5-BBB3-5A43376B2463}"
EndProject
Project("{FAE04EC0-301F-11D3-BF4B-00C04F79EFBC}") = "Monaco.Transports.RabbitMQ.Tests", "tests\Monaco.Transports.RabbitMQ.Tests\Monaco.Transports.RabbitMQ.Tests.csproj", "{670B8972-93E4-4992-9114-AE076CD493B2}"
EndProject
Project("{FAE04EC0-301F-11D3-BF4B-00C04F79EFBC}") = "Monaco.WCF", "src\Extensibility\WCF\Monaco.WCF\Monaco.WCF.csproj", "{1116F4B7-7B13-42D9-9676-8CC5CAAB9700}"
EndProject
Project("{FAE04EC0-301F-11D3-BF4B-00C04F79EFBC}") = "Monaco.Storage.NHibernate", "src\Extensibility\Storage\Monaco.Storage.NHibernate\Monaco.Storage.NHibernate.csproj", "{65479748-8781-4703-988A-0E1CBC5E5BA8}"
EndProject
Project("{FAE04EC0-301F-11D3-BF4B-00C04F79EFBC}") = "Monaco.NHibernate.Storage.Tests", "tests\Monaco.Storage.NHibernate.Tests\Monaco.NHibernate.Storage.Tests.csproj", "{1C502201-97F9-49CD-9690-BA162B0638ED}"
EndProject
Project("{FAE04EC0-301F-11D3-BF4B-00C04F79EFBC}") = "Monaco.Visualizations", "src\Extensibility\Visualization\Monaco.Visualizations\Monaco.Visualizations.csproj", "{F3C83195-C16A-431E-9FF1-0C70E909A1B2}"
EndProject
Project("{FAE04EC0-301F-11D3-BF4B-00C04F79EFBC}") = "Monaco.Modelling", "src\Extensibility\Modelling\Monaco.Modelling\Monaco.Modelling.csproj", "{B1347F5E-FDAE-488F-9543-8525AA69EDDD}"
EndProject
Project("{FAE04EC0-301F-11D3-BF4B-00C04F79EFBC}") = "Monaco.Modelling.Tests", "tests\Monaco.Modelling.Tests\Monaco.Modelling.Tests.csproj", "{91751D6B-6932-44A5-B9B2-193591FA9487}"
EndProject
Project("{2150E333-8FDC-42A3-9474-1A3956D46DE8}") = "signalR", "signalR", "{A6554722-B991-4F57-B163-83A331D4B286}"
EndProject
Project("{FAE04EC0-301F-11D3-BF4B-00C04F79EFBC}") = "Monaco.Transports.DB", "src\Extensibility\Transports\Monaco.Transports.DB\Monaco.Transports.DB.csproj", "{E2019A28-90C5-4705-9D65-EE72ED69A483}"
EndProject
Project("{FAE04EC0-301F-11D3-BF4B-00C04F79EFBC}") = "Monaco.Transports.File", "src\Extensibility\Transports\Monaco.Transports.File\Monaco.Transports.File.csproj", "{3BA15667-B060-4AD0-B6D9-95C26E4791AF}"
EndProject
Project("{FAE04EC0-301F-11D3-BF4B-00C04F79EFBC}") = "Monaco.Transports.Msmq", "src\Extensibility\Transports\Monaco.Transports.Msmq\Monaco.Transports.Msmq.csproj", "{E9F16DED-89B4-4860-9116-91CF0B47C01C}"
EndProject
Project("{2150E333-8FDC-42A3-9474-1A3956D46DE8}") = "containers", "containers", "{0776644C-0E90-4D4D-A75C-E8D7FC7DC6F4}"
EndProject
Project("{FAE04EC0-301F-11D3-BF4B-00C04F79EFBC}") = "Monaco.Containers.Windsor", "src\Extensibility\Containers\Monaco.Containers.Windsor\Monaco.Containers.Windsor.csproj", "{D6D40AB7-F120-443B-A4F6-0EFB505BDB5C}"
EndProject
Project("{FAE04EC0-301F-11D3-BF4B-00C04F79EFBC}") = "Monaco.Distributor.Tests", "tests\Monaco.Distributor.Tests\Monaco.Distributor.Tests.csproj", "{873F4CDD-C58A-4A56-AD32-9EB6BC515A13}"
EndProject
Project("{2150E333-8FDC-42A3-9474-1A3956D46DE8}") = "testing", "testing", "{C6627F43-8A23-4402-9942-2502ECC9A917}"
EndProject
Project("{FAE04EC0-301F-11D3-BF4B-00C04F79EFBC}") = "Monaco.Testing", "src\Extensibility\Testing\Monaco.Testing\Monaco.Testing.csproj", "{02595A00-246B-4CDB-8870-0D5AC08C1B85}"
EndProject
Project("{FAE04EC0-301F-11D3-BF4B-00C04F79EFBC}") = "Monaco.Testing.Tests", "tests\Monaco.Testing.Tests\Monaco.Testing.Tests.csproj", "{40322484-496D-41C6-B794-F2A2F8E2EBD7}"
EndProject
Global
	GlobalSection(SolutionConfigurationPlatforms) = preSolution
		Debug|Any CPU = Debug|Any CPU
		Debug|Mixed Platforms = Debug|Mixed Platforms
		Debug|x86 = Debug|x86
		Release|Any CPU = Release|Any CPU
		Release|Mixed Platforms = Release|Mixed Platforms
		Release|x86 = Release|x86
	EndGlobalSection
	GlobalSection(ProjectConfigurationPlatforms) = postSolution
		{3C120E2B-CB48-4F18-A0A6-4ADD206DE91B}.Debug|Any CPU.ActiveCfg = Debug|Any CPU
		{3C120E2B-CB48-4F18-A0A6-4ADD206DE91B}.Debug|Any CPU.Build.0 = Debug|Any CPU
		{3C120E2B-CB48-4F18-A0A6-4ADD206DE91B}.Debug|Mixed Platforms.ActiveCfg = Debug|Any CPU
		{3C120E2B-CB48-4F18-A0A6-4ADD206DE91B}.Debug|Mixed Platforms.Build.0 = Debug|Any CPU
		{3C120E2B-CB48-4F18-A0A6-4ADD206DE91B}.Debug|x86.ActiveCfg = Debug|Any CPU
		{3C120E2B-CB48-4F18-A0A6-4ADD206DE91B}.Release|Any CPU.ActiveCfg = Release|Any CPU
		{3C120E2B-CB48-4F18-A0A6-4ADD206DE91B}.Release|Any CPU.Build.0 = Release|Any CPU
		{3C120E2B-CB48-4F18-A0A6-4ADD206DE91B}.Release|Mixed Platforms.ActiveCfg = Release|Any CPU
		{3C120E2B-CB48-4F18-A0A6-4ADD206DE91B}.Release|Mixed Platforms.Build.0 = Release|Any CPU
		{3C120E2B-CB48-4F18-A0A6-4ADD206DE91B}.Release|x86.ActiveCfg = Release|Any CPU
		{544799EE-4974-469F-BF7C-B557A86857D3}.Debug|Any CPU.ActiveCfg = Debug|Any CPU
		{544799EE-4974-469F-BF7C-B557A86857D3}.Debug|Any CPU.Build.0 = Debug|Any CPU
		{544799EE-4974-469F-BF7C-B557A86857D3}.Debug|Mixed Platforms.ActiveCfg = Debug|Any CPU
		{544799EE-4974-469F-BF7C-B557A86857D3}.Debug|Mixed Platforms.Build.0 = Debug|Any CPU
		{544799EE-4974-469F-BF7C-B557A86857D3}.Debug|x86.ActiveCfg = Debug|Any CPU
		{544799EE-4974-469F-BF7C-B557A86857D3}.Release|Any CPU.ActiveCfg = Release|Any CPU
		{544799EE-4974-469F-BF7C-B557A86857D3}.Release|Any CPU.Build.0 = Release|Any CPU
		{544799EE-4974-469F-BF7C-B557A86857D3}.Release|Mixed Platforms.ActiveCfg = Release|Any CPU
		{544799EE-4974-469F-BF7C-B557A86857D3}.Release|Mixed Platforms.Build.0 = Release|Any CPU
		{544799EE-4974-469F-BF7C-B557A86857D3}.Release|x86.ActiveCfg = Release|Any CPU
		{2CAD4D0B-EB3D-4575-9809-3EB0BB0E23AC}.Debug|Any CPU.ActiveCfg = Debug|Any CPU
		{2CAD4D0B-EB3D-4575-9809-3EB0BB0E23AC}.Debug|Any CPU.Build.0 = Debug|Any CPU
		{2CAD4D0B-EB3D-4575-9809-3EB0BB0E23AC}.Debug|Mixed Platforms.ActiveCfg = Debug|Any CPU
		{2CAD4D0B-EB3D-4575-9809-3EB0BB0E23AC}.Debug|Mixed Platforms.Build.0 = Debug|Any CPU
		{2CAD4D0B-EB3D-4575-9809-3EB0BB0E23AC}.Debug|x86.ActiveCfg = Debug|Any CPU
		{2CAD4D0B-EB3D-4575-9809-3EB0BB0E23AC}.Release|Any CPU.ActiveCfg = Release|Any CPU
		{2CAD4D0B-EB3D-4575-9809-3EB0BB0E23AC}.Release|Any CPU.Build.0 = Release|Any CPU
		{2CAD4D0B-EB3D-4575-9809-3EB0BB0E23AC}.Release|Mixed Platforms.ActiveCfg = Release|Any CPU
		{2CAD4D0B-EB3D-4575-9809-3EB0BB0E23AC}.Release|Mixed Platforms.Build.0 = Release|Any CPU
		{2CAD4D0B-EB3D-4575-9809-3EB0BB0E23AC}.Release|x86.ActiveCfg = Release|Any CPU
		{62AF5D81-19A8-4E1F-A09E-0B3C4025A121}.Debug|Any CPU.ActiveCfg = Debug|Any CPU
		{62AF5D81-19A8-4E1F-A09E-0B3C4025A121}.Debug|Any CPU.Build.0 = Debug|Any CPU
		{62AF5D81-19A8-4E1F-A09E-0B3C4025A121}.Debug|Mixed Platforms.ActiveCfg = Debug|Any CPU
		{62AF5D81-19A8-4E1F-A09E-0B3C4025A121}.Debug|Mixed Platforms.Build.0 = Debug|Any CPU
		{62AF5D81-19A8-4E1F-A09E-0B3C4025A121}.Debug|x86.ActiveCfg = Debug|Any CPU
		{62AF5D81-19A8-4E1F-A09E-0B3C4025A121}.Release|Any CPU.ActiveCfg = Release|Any CPU
		{62AF5D81-19A8-4E1F-A09E-0B3C4025A121}.Release|Any CPU.Build.0 = Release|Any CPU
		{62AF5D81-19A8-4E1F-A09E-0B3C4025A121}.Release|Mixed Platforms.ActiveCfg = Release|Any CPU
		{62AF5D81-19A8-4E1F-A09E-0B3C4025A121}.Release|Mixed Platforms.Build.0 = Release|Any CPU
		{62AF5D81-19A8-4E1F-A09E-0B3C4025A121}.Release|x86.ActiveCfg = Release|Any CPU
		{B4619FC5-3D49-49F9-94A8-796419A1FFD5}.Debug|Any CPU.ActiveCfg = Debug|Any CPU
		{B4619FC5-3D49-49F9-94A8-796419A1FFD5}.Debug|Any CPU.Build.0 = Debug|Any CPU
		{B4619FC5-3D49-49F9-94A8-796419A1FFD5}.Debug|Mixed Platforms.ActiveCfg = Debug|Any CPU
		{B4619FC5-3D49-49F9-94A8-796419A1FFD5}.Debug|Mixed Platforms.Build.0 = Debug|Any CPU
		{B4619FC5-3D49-49F9-94A8-796419A1FFD5}.Debug|x86.ActiveCfg = Debug|Any CPU
		{B4619FC5-3D49-49F9-94A8-796419A1FFD5}.Release|Any CPU.ActiveCfg = Release|Any CPU
		{B4619FC5-3D49-49F9-94A8-796419A1FFD5}.Release|Any CPU.Build.0 = Release|Any CPU
		{B4619FC5-3D49-49F9-94A8-796419A1FFD5}.Release|Mixed Platforms.ActiveCfg = Release|Any CPU
		{B4619FC5-3D49-49F9-94A8-796419A1FFD5}.Release|Mixed Platforms.Build.0 = Release|Any CPU
		{B4619FC5-3D49-49F9-94A8-796419A1FFD5}.Release|x86.ActiveCfg = Release|Any CPU
		{6FF74713-2781-4299-AD94-BD0A203FB293}.Debug|Any CPU.ActiveCfg = Debug|Any CPU
		{6FF74713-2781-4299-AD94-BD0A203FB293}.Debug|Any CPU.Build.0 = Debug|Any CPU
		{6FF74713-2781-4299-AD94-BD0A203FB293}.Debug|Mixed Platforms.ActiveCfg = Debug|Any CPU
		{6FF74713-2781-4299-AD94-BD0A203FB293}.Debug|Mixed Platforms.Build.0 = Debug|Any CPU
		{6FF74713-2781-4299-AD94-BD0A203FB293}.Debug|x86.ActiveCfg = Debug|Any CPU
		{6FF74713-2781-4299-AD94-BD0A203FB293}.Release|Any CPU.ActiveCfg = Release|Any CPU
		{6FF74713-2781-4299-AD94-BD0A203FB293}.Release|Any CPU.Build.0 = Release|Any CPU
		{6FF74713-2781-4299-AD94-BD0A203FB293}.Release|Mixed Platforms.ActiveCfg = Release|Any CPU
		{6FF74713-2781-4299-AD94-BD0A203FB293}.Release|Mixed Platforms.Build.0 = Release|Any CPU
		{6FF74713-2781-4299-AD94-BD0A203FB293}.Release|x86.ActiveCfg = Release|Any CPU
		{B96FEE19-4CC3-4E9E-AD1A-77D0DE6680E8}.Debug|Any CPU.ActiveCfg = Debug|Any CPU
		{B96FEE19-4CC3-4E9E-AD1A-77D0DE6680E8}.Debug|Any CPU.Build.0 = Debug|Any CPU
		{B96FEE19-4CC3-4E9E-AD1A-77D0DE6680E8}.Debug|Mixed Platforms.ActiveCfg = Debug|Any CPU
		{B96FEE19-4CC3-4E9E-AD1A-77D0DE6680E8}.Debug|Mixed Platforms.Build.0 = Debug|Any CPU
		{B96FEE19-4CC3-4E9E-AD1A-77D0DE6680E8}.Debug|x86.ActiveCfg = Debug|Any CPU
		{B96FEE19-4CC3-4E9E-AD1A-77D0DE6680E8}.Release|Any CPU.ActiveCfg = Release|Any CPU
		{B96FEE19-4CC3-4E9E-AD1A-77D0DE6680E8}.Release|Any CPU.Build.0 = Release|Any CPU
		{B96FEE19-4CC3-4E9E-AD1A-77D0DE6680E8}.Release|Mixed Platforms.ActiveCfg = Release|Any CPU
		{B96FEE19-4CC3-4E9E-AD1A-77D0DE6680E8}.Release|Mixed Platforms.Build.0 = Release|Any CPU
		{B96FEE19-4CC3-4E9E-AD1A-77D0DE6680E8}.Release|x86.ActiveCfg = Release|Any CPU
		{B3D625F2-1FAA-41A5-BBB3-5A43376B2463}.Debug|Any CPU.ActiveCfg = Debug|Any CPU
		{B3D625F2-1FAA-41A5-BBB3-5A43376B2463}.Debug|Any CPU.Build.0 = Debug|Any CPU
		{B3D625F2-1FAA-41A5-BBB3-5A43376B2463}.Debug|Mixed Platforms.ActiveCfg = Debug|Any CPU
		{B3D625F2-1FAA-41A5-BBB3-5A43376B2463}.Debug|Mixed Platforms.Build.0 = Debug|Any CPU
		{B3D625F2-1FAA-41A5-BBB3-5A43376B2463}.Debug|x86.ActiveCfg = Debug|Any CPU
		{B3D625F2-1FAA-41A5-BBB3-5A43376B2463}.Release|Any CPU.ActiveCfg = Release|Any CPU
		{B3D625F2-1FAA-41A5-BBB3-5A43376B2463}.Release|Any CPU.Build.0 = Release|Any CPU
		{B3D625F2-1FAA-41A5-BBB3-5A43376B2463}.Release|Mixed Platforms.ActiveCfg = Release|Any CPU
		{B3D625F2-1FAA-41A5-BBB3-5A43376B2463}.Release|Mixed Platforms.Build.0 = Release|Any CPU
		{B3D625F2-1FAA-41A5-BBB3-5A43376B2463}.Release|x86.ActiveCfg = Release|Any CPU
		{670B8972-93E4-4992-9114-AE076CD493B2}.Debug|Any CPU.ActiveCfg = Debug|Any CPU
		{670B8972-93E4-4992-9114-AE076CD493B2}.Debug|Any CPU.Build.0 = Debug|Any CPU
		{670B8972-93E4-4992-9114-AE076CD493B2}.Debug|Mixed Platforms.ActiveCfg = Debug|Any CPU
		{670B8972-93E4-4992-9114-AE076CD493B2}.Debug|Mixed Platforms.Build.0 = Debug|Any CPU
		{670B8972-93E4-4992-9114-AE076CD493B2}.Debug|x86.ActiveCfg = Debug|Any CPU
		{670B8972-93E4-4992-9114-AE076CD493B2}.Release|Any CPU.ActiveCfg = Release|Any CPU
		{670B8972-93E4-4992-9114-AE076CD493B2}.Release|Any CPU.Build.0 = Release|Any CPU
		{670B8972-93E4-4992-9114-AE076CD493B2}.Release|Mixed Platforms.ActiveCfg = Release|Any CPU
		{670B8972-93E4-4992-9114-AE076CD493B2}.Release|Mixed Platforms.Build.0 = Release|Any CPU
		{670B8972-93E4-4992-9114-AE076CD493B2}.Release|x86.ActiveCfg = Release|Any CPU
		{1116F4B7-7B13-42D9-9676-8CC5CAAB9700}.Debug|Any CPU.ActiveCfg = Debug|Any CPU
		{1116F4B7-7B13-42D9-9676-8CC5CAAB9700}.Debug|Any CPU.Build.0 = Debug|Any CPU
		{1116F4B7-7B13-42D9-9676-8CC5CAAB9700}.Debug|Mixed Platforms.ActiveCfg = Debug|Any CPU
		{1116F4B7-7B13-42D9-9676-8CC5CAAB9700}.Debug|Mixed Platforms.Build.0 = Debug|Any CPU
		{1116F4B7-7B13-42D9-9676-8CC5CAAB9700}.Debug|x86.ActiveCfg = Debug|Any CPU
		{1116F4B7-7B13-42D9-9676-8CC5CAAB9700}.Release|Any CPU.ActiveCfg = Release|Any CPU
		{1116F4B7-7B13-42D9-9676-8CC5CAAB9700}.Release|Any CPU.Build.0 = Release|Any CPU
		{1116F4B7-7B13-42D9-9676-8CC5CAAB9700}.Release|Mixed Platforms.ActiveCfg = Release|Any CPU
		{1116F4B7-7B13-42D9-9676-8CC5CAAB9700}.Release|Mixed Platforms.Build.0 = Release|Any CPU
		{1116F4B7-7B13-42D9-9676-8CC5CAAB9700}.Release|x86.ActiveCfg = Release|Any CPU
		{65479748-8781-4703-988A-0E1CBC5E5BA8}.Debug|Any CPU.ActiveCfg = Debug|Any CPU
		{65479748-8781-4703-988A-0E1CBC5E5BA8}.Debug|Any CPU.Build.0 = Debug|Any CPU
		{65479748-8781-4703-988A-0E1CBC5E5BA8}.Debug|Mixed Platforms.ActiveCfg = Debug|Any CPU
		{65479748-8781-4703-988A-0E1CBC5E5BA8}.Debug|Mixed Platforms.Build.0 = Debug|Any CPU
		{65479748-8781-4703-988A-0E1CBC5E5BA8}.Debug|x86.ActiveCfg = Debug|Any CPU
		{65479748-8781-4703-988A-0E1CBC5E5BA8}.Release|Any CPU.ActiveCfg = Release|Any CPU
		{65479748-8781-4703-988A-0E1CBC5E5BA8}.Release|Any CPU.Build.0 = Release|Any CPU
		{65479748-8781-4703-988A-0E1CBC5E5BA8}.Release|Mixed Platforms.ActiveCfg = Release|Any CPU
		{65479748-8781-4703-988A-0E1CBC5E5BA8}.Release|Mixed Platforms.Build.0 = Release|Any CPU
		{65479748-8781-4703-988A-0E1CBC5E5BA8}.Release|x86.ActiveCfg = Release|Any CPU
		{1C502201-97F9-49CD-9690-BA162B0638ED}.Debug|Any CPU.ActiveCfg = Debug|Any CPU
		{1C502201-97F9-49CD-9690-BA162B0638ED}.Debug|Any CPU.Build.0 = Debug|Any CPU
		{1C502201-97F9-49CD-9690-BA162B0638ED}.Debug|Mixed Platforms.ActiveCfg = Debug|Any CPU
		{1C502201-97F9-49CD-9690-BA162B0638ED}.Debug|Mixed Platforms.Build.0 = Debug|Any CPU
		{1C502201-97F9-49CD-9690-BA162B0638ED}.Debug|x86.ActiveCfg = Debug|Any CPU
		{1C502201-97F9-49CD-9690-BA162B0638ED}.Release|Any CPU.ActiveCfg = Release|Any CPU
		{1C502201-97F9-49CD-9690-BA162B0638ED}.Release|Any CPU.Build.0 = Release|Any CPU
		{1C502201-97F9-49CD-9690-BA162B0638ED}.Release|Mixed Platforms.ActiveCfg = Release|Any CPU
		{1C502201-97F9-49CD-9690-BA162B0638ED}.Release|Mixed Platforms.Build.0 = Release|Any CPU
		{1C502201-97F9-49CD-9690-BA162B0638ED}.Release|x86.ActiveCfg = Release|Any CPU
		{F3C83195-C16A-431E-9FF1-0C70E909A1B2}.Debug|Any CPU.ActiveCfg = Debug|Any CPU
		{F3C83195-C16A-431E-9FF1-0C70E909A1B2}.Debug|Any CPU.Build.0 = Debug|Any CPU
		{F3C83195-C16A-431E-9FF1-0C70E909A1B2}.Debug|Mixed Platforms.ActiveCfg = Debug|Any CPU
		{F3C83195-C16A-431E-9FF1-0C70E909A1B2}.Debug|Mixed Platforms.Build.0 = Debug|Any CPU
		{F3C83195-C16A-431E-9FF1-0C70E909A1B2}.Debug|x86.ActiveCfg = Debug|Any CPU
		{F3C83195-C16A-431E-9FF1-0C70E909A1B2}.Release|Any CPU.ActiveCfg = Release|Any CPU
		{F3C83195-C16A-431E-9FF1-0C70E909A1B2}.Release|Any CPU.Build.0 = Release|Any CPU
		{F3C83195-C16A-431E-9FF1-0C70E909A1B2}.Release|Mixed Platforms.ActiveCfg = Release|Any CPU
		{F3C83195-C16A-431E-9FF1-0C70E909A1B2}.Release|Mixed Platforms.Build.0 = Release|Any CPU
		{F3C83195-C16A-431E-9FF1-0C70E909A1B2}.Release|x86.ActiveCfg = Release|Any CPU
		{B1347F5E-FDAE-488F-9543-8525AA69EDDD}.Debug|Any CPU.ActiveCfg = Debug|Any CPU
		{B1347F5E-FDAE-488F-9543-8525AA69EDDD}.Debug|Any CPU.Build.0 = Debug|Any CPU
		{B1347F5E-FDAE-488F-9543-8525AA69EDDD}.Debug|Mixed Platforms.ActiveCfg = Debug|Any CPU
		{B1347F5E-FDAE-488F-9543-8525AA69EDDD}.Debug|Mixed Platforms.Build.0 = Debug|Any CPU
		{B1347F5E-FDAE-488F-9543-8525AA69EDDD}.Debug|x86.ActiveCfg = Debug|Any CPU
		{B1347F5E-FDAE-488F-9543-8525AA69EDDD}.Release|Any CPU.ActiveCfg = Release|Any CPU
		{B1347F5E-FDAE-488F-9543-8525AA69EDDD}.Release|Any CPU.Build.0 = Release|Any CPU
		{B1347F5E-FDAE-488F-9543-8525AA69EDDD}.Release|Mixed Platforms.ActiveCfg = Release|Any CPU
		{B1347F5E-FDAE-488F-9543-8525AA69EDDD}.Release|Mixed Platforms.Build.0 = Release|Any CPU
		{B1347F5E-FDAE-488F-9543-8525AA69EDDD}.Release|x86.ActiveCfg = Release|Any CPU
		{91751D6B-6932-44A5-B9B2-193591FA9487}.Debug|Any CPU.ActiveCfg = Debug|Any CPU
		{91751D6B-6932-44A5-B9B2-193591FA9487}.Debug|Any CPU.Build.0 = Debug|Any CPU
		{91751D6B-6932-44A5-B9B2-193591FA9487}.Debug|Mixed Platforms.ActiveCfg = Debug|Any CPU
		{91751D6B-6932-44A5-B9B2-193591FA9487}.Debug|Mixed Platforms.Build.0 = Debug|Any CPU
		{91751D6B-6932-44A5-B9B2-193591FA9487}.Debug|x86.ActiveCfg = Debug|Any CPU
		{91751D6B-6932-44A5-B9B2-193591FA9487}.Release|Any CPU.ActiveCfg = Release|Any CPU
		{91751D6B-6932-44A5-B9B2-193591FA9487}.Release|Any CPU.Build.0 = Release|Any CPU
		{91751D6B-6932-44A5-B9B2-193591FA9487}.Release|Mixed Platforms.ActiveCfg = Release|Any CPU
		{91751D6B-6932-44A5-B9B2-193591FA9487}.Release|Mixed Platforms.Build.0 = Release|Any CPU
		{91751D6B-6932-44A5-B9B2-193591FA9487}.Release|x86.ActiveCfg = Release|Any CPU
		{E2019A28-90C5-4705-9D65-EE72ED69A483}.Debug|Any CPU.ActiveCfg = Debug|Any CPU
		{E2019A28-90C5-4705-9D65-EE72ED69A483}.Debug|Any CPU.Build.0 = Debug|Any CPU
		{E2019A28-90C5-4705-9D65-EE72ED69A483}.Debug|Mixed Platforms.ActiveCfg = Debug|Any CPU
		{E2019A28-90C5-4705-9D65-EE72ED69A483}.Debug|Mixed Platforms.Build.0 = Debug|Any CPU
		{E2019A28-90C5-4705-9D65-EE72ED69A483}.Debug|x86.ActiveCfg = Debug|Any CPU
		{E2019A28-90C5-4705-9D65-EE72ED69A483}.Release|Any CPU.ActiveCfg = Release|Any CPU
		{E2019A28-90C5-4705-9D65-EE72ED69A483}.Release|Any CPU.Build.0 = Release|Any CPU
		{E2019A28-90C5-4705-9D65-EE72ED69A483}.Release|Mixed Platforms.ActiveCfg = Release|Any CPU
		{E2019A28-90C5-4705-9D65-EE72ED69A483}.Release|Mixed Platforms.Build.0 = Release|Any CPU
		{E2019A28-90C5-4705-9D65-EE72ED69A483}.Release|x86.ActiveCfg = Release|Any CPU
		{3BA15667-B060-4AD0-B6D9-95C26E4791AF}.Debug|Any CPU.ActiveCfg = Debug|Any CPU
		{3BA15667-B060-4AD0-B6D9-95C26E4791AF}.Debug|Any CPU.Build.0 = Debug|Any CPU
		{3BA15667-B060-4AD0-B6D9-95C26E4791AF}.Debug|Mixed Platforms.ActiveCfg = Debug|Any CPU
		{3BA15667-B060-4AD0-B6D9-95C26E4791AF}.Debug|Mixed Platforms.Build.0 = Debug|Any CPU
		{3BA15667-B060-4AD0-B6D9-95C26E4791AF}.Debug|x86.ActiveCfg = Debug|Any CPU
		{3BA15667-B060-4AD0-B6D9-95C26E4791AF}.Release|Any CPU.ActiveCfg = Release|Any CPU
		{3BA15667-B060-4AD0-B6D9-95C26E4791AF}.Release|Any CPU.Build.0 = Release|Any CPU
		{3BA15667-B060-4AD0-B6D9-95C26E4791AF}.Release|Mixed Platforms.ActiveCfg = Release|Any CPU
		{3BA15667-B060-4AD0-B6D9-95C26E4791AF}.Release|Mixed Platforms.Build.0 = Release|Any CPU
		{3BA15667-B060-4AD0-B6D9-95C26E4791AF}.Release|x86.ActiveCfg = Release|Any CPU
		{E9F16DED-89B4-4860-9116-91CF0B47C01C}.Debug|Any CPU.ActiveCfg = Debug|Any CPU
		{E9F16DED-89B4-4860-9116-91CF0B47C01C}.Debug|Any CPU.Build.0 = Debug|Any CPU
		{E9F16DED-89B4-4860-9116-91CF0B47C01C}.Debug|Mixed Platforms.ActiveCfg = Debug|Any CPU
		{E9F16DED-89B4-4860-9116-91CF0B47C01C}.Debug|Mixed Platforms.Build.0 = Debug|Any CPU
		{E9F16DED-89B4-4860-9116-91CF0B47C01C}.Debug|x86.ActiveCfg = Debug|Any CPU
		{E9F16DED-89B4-4860-9116-91CF0B47C01C}.Release|Any CPU.ActiveCfg = Release|Any CPU
		{E9F16DED-89B4-4860-9116-91CF0B47C01C}.Release|Any CPU.Build.0 = Release|Any CPU
		{E9F16DED-89B4-4860-9116-91CF0B47C01C}.Release|Mixed Platforms.ActiveCfg = Release|Any CPU
		{E9F16DED-89B4-4860-9116-91CF0B47C01C}.Release|Mixed Platforms.Build.0 = Release|Any CPU
		{E9F16DED-89B4-4860-9116-91CF0B47C01C}.Release|x86.ActiveCfg = Release|Any CPU
		{D6D40AB7-F120-443B-A4F6-0EFB505BDB5C}.Debug|Any CPU.ActiveCfg = Debug|Any CPU
		{D6D40AB7-F120-443B-A4F6-0EFB505BDB5C}.Debug|Any CPU.Build.0 = Debug|Any CPU
		{D6D40AB7-F120-443B-A4F6-0EFB505BDB5C}.Debug|Mixed Platforms.ActiveCfg = Debug|Any CPU
		{D6D40AB7-F120-443B-A4F6-0EFB505BDB5C}.Debug|Mixed Platforms.Build.0 = Debug|Any CPU
		{D6D40AB7-F120-443B-A4F6-0EFB505BDB5C}.Debug|x86.ActiveCfg = Debug|Any CPU
		{D6D40AB7-F120-443B-A4F6-0EFB505BDB5C}.Release|Any CPU.ActiveCfg = Release|Any CPU
		{D6D40AB7-F120-443B-A4F6-0EFB505BDB5C}.Release|Any CPU.Build.0 = Release|Any CPU
		{D6D40AB7-F120-443B-A4F6-0EFB505BDB5C}.Release|Mixed Platforms.ActiveCfg = Release|Any CPU
		{D6D40AB7-F120-443B-A4F6-0EFB505BDB5C}.Release|Mixed Platforms.Build.0 = Release|Any CPU
		{D6D40AB7-F120-443B-A4F6-0EFB505BDB5C}.Release|x86.ActiveCfg = Release|Any CPU
		{873F4CDD-C58A-4A56-AD32-9EB6BC515A13}.Debug|Any CPU.ActiveCfg = Debug|Any CPU
		{873F4CDD-C58A-4A56-AD32-9EB6BC515A13}.Debug|Any CPU.Build.0 = Debug|Any CPU
		{873F4CDD-C58A-4A56-AD32-9EB6BC515A13}.Debug|Mixed Platforms.ActiveCfg = Debug|Any CPU
		{873F4CDD-C58A-4A56-AD32-9EB6BC515A13}.Debug|Mixed Platforms.Build.0 = Debug|Any CPU
		{873F4CDD-C58A-4A56-AD32-9EB6BC515A13}.Debug|x86.ActiveCfg = Debug|Any CPU
		{873F4CDD-C58A-4A56-AD32-9EB6BC515A13}.Release|Any CPU.ActiveCfg = Release|Any CPU
		{873F4CDD-C58A-4A56-AD32-9EB6BC515A13}.Release|Any CPU.Build.0 = Release|Any CPU
		{873F4CDD-C58A-4A56-AD32-9EB6BC515A13}.Release|Mixed Platforms.ActiveCfg = Release|Any CPU
		{873F4CDD-C58A-4A56-AD32-9EB6BC515A13}.Release|Mixed Platforms.Build.0 = Release|Any CPU
		{873F4CDD-C58A-4A56-AD32-9EB6BC515A13}.Release|x86.ActiveCfg = Release|Any CPU
		{02595A00-246B-4CDB-8870-0D5AC08C1B85}.Debug|Any CPU.ActiveCfg = Debug|Any CPU
		{02595A00-246B-4CDB-8870-0D5AC08C1B85}.Debug|Any CPU.Build.0 = Debug|Any CPU
		{02595A00-246B-4CDB-8870-0D5AC08C1B85}.Debug|Mixed Platforms.ActiveCfg = Debug|Any CPU
		{02595A00-246B-4CDB-8870-0D5AC08C1B85}.Debug|Mixed Platforms.Build.0 = Debug|Any CPU
		{02595A00-246B-4CDB-8870-0D5AC08C1B85}.Debug|x86.ActiveCfg = Debug|Any CPU
		{02595A00-246B-4CDB-8870-0D5AC08C1B85}.Release|Any CPU.ActiveCfg = Release|Any CPU
		{02595A00-246B-4CDB-8870-0D5AC08C1B85}.Release|Any CPU.Build.0 = Release|Any CPU
		{02595A00-246B-4CDB-8870-0D5AC08C1B85}.Release|Mixed Platforms.ActiveCfg = Release|Any CPU
		{02595A00-246B-4CDB-8870-0D5AC08C1B85}.Release|Mixed Platforms.Build.0 = Release|Any CPU
		{02595A00-246B-4CDB-8870-0D5AC08C1B85}.Release|x86.ActiveCfg = Release|Any CPU
		{40322484-496D-41C6-B794-F2A2F8E2EBD7}.Debug|Any CPU.ActiveCfg = Debug|Any CPU
		{40322484-496D-41C6-B794-F2A2F8E2EBD7}.Debug|Any CPU.Build.0 = Debug|Any CPU
		{40322484-496D-41C6-B794-F2A2F8E2EBD7}.Debug|Mixed Platforms.ActiveCfg = Debug|Any CPU
		{40322484-496D-41C6-B794-F2A2F8E2EBD7}.Debug|Mixed Platforms.Build.0 = Debug|Any CPU
		{40322484-496D-41C6-B794-F2A2F8E2EBD7}.Debug|x86.ActiveCfg = Debug|Any CPU
		{40322484-496D-41C6-B794-F2A2F8E2EBD7}.Release|Any CPU.ActiveCfg = Release|Any CPU
		{40322484-496D-41C6-B794-F2A2F8E2EBD7}.Release|Any CPU.Build.0 = Release|Any CPU
		{40322484-496D-41C6-B794-F2A2F8E2EBD7}.Release|Mixed Platforms.ActiveCfg = Release|Any CPU
		{40322484-496D-41C6-B794-F2A2F8E2EBD7}.Release|Mixed Platforms.Build.0 = Release|Any CPU
		{40322484-496D-41C6-B794-F2A2F8E2EBD7}.Release|x86.ActiveCfg = Release|Any CPU
	EndGlobalSection
	GlobalSection(SolutionProperties) = preSolution
		HideSolutionNode = FALSE
	EndGlobalSection
	GlobalSection(NestedProjects) = preSolution
		{87923509-DC27-41B9-BE0F-C1D96C1D347F} = {48DA0C54-AB0D-4BDA-9BBD-A5795EEF403F}
		{D56DE5D4-1D69-4AEB-A608-813380DB18BA} = {48DA0C54-AB0D-4BDA-9BBD-A5795EEF403F}
		{3787A546-0D2B-4145-9A2E-95B1C5F76DEA} = {48DA0C54-AB0D-4BDA-9BBD-A5795EEF403F}
		{212DBDC0-8221-450B-B134-735BCF829D64} = {48DA0C54-AB0D-4BDA-9BBD-A5795EEF403F}
		{E528E0EA-0012-4584-A030-14554830AADB} = {48DA0C54-AB0D-4BDA-9BBD-A5795EEF403F}
		{A6554722-B991-4F57-B163-83A331D4B286} = {48DA0C54-AB0D-4BDA-9BBD-A5795EEF403F}
		{0776644C-0E90-4D4D-A75C-E8D7FC7DC6F4} = {48DA0C54-AB0D-4BDA-9BBD-A5795EEF403F}
		{C6627F43-8A23-4402-9942-2502ECC9A917} = {48DA0C54-AB0D-4BDA-9BBD-A5795EEF403F}
		{DC73683F-A88F-415C-8CD9-6E29D782A180} = {87923509-DC27-41B9-BE0F-C1D96C1D347F}
		{E21A2D06-D69C-4C10-94BE-82A61DCD1D2F} = {87923509-DC27-41B9-BE0F-C1D96C1D347F}
		{65479748-8781-4703-988A-0E1CBC5E5BA8} = {DC73683F-A88F-415C-8CD9-6E29D782A180}
		{3C120E2B-CB48-4F18-A0A6-4ADD206DE91B} = {4EEE1D33-2D47-4670-8312-6EF07C2DEA10}
		{6FF74713-2781-4299-AD94-BD0A203FB293} = {4EEE1D33-2D47-4670-8312-6EF07C2DEA10}
		{B96FEE19-4CC3-4E9E-AD1A-77D0DE6680E8} = {4EEE1D33-2D47-4670-8312-6EF07C2DEA10}
		{B3D625F2-1FAA-41A5-BBB3-5A43376B2463} = {4EEE1D33-2D47-4670-8312-6EF07C2DEA10}
		{670B8972-93E4-4992-9114-AE076CD493B2} = {4EEE1D33-2D47-4670-8312-6EF07C2DEA10}
		{1C502201-97F9-49CD-9690-BA162B0638ED} = {4EEE1D33-2D47-4670-8312-6EF07C2DEA10}
		{91751D6B-6932-44A5-B9B2-193591FA9487} = {4EEE1D33-2D47-4670-8312-6EF07C2DEA10}
		{873F4CDD-C58A-4A56-AD32-9EB6BC515A13} = {4EEE1D33-2D47-4670-8312-6EF07C2DEA10}
		{40322484-496D-41C6-B794-F2A2F8E2EBD7} = {4EEE1D33-2D47-4670-8312-6EF07C2DEA10}
		{2CAD4D0B-EB3D-4575-9809-3EB0BB0E23AC} = {668B5D38-3D3A-4884-BAE1-61DD3B13BD0E}
		{544799EE-4974-469F-BF7C-B557A86857D3} = {668B5D38-3D3A-4884-BAE1-61DD3B13BD0E}
		{62AF5D81-19A8-4E1F-A09E-0B3C4025A121} = {668B5D38-3D3A-4884-BAE1-61DD3B13BD0E}
		{F852E290-8B1F-40A7-9188-53523F9AB935} = {D56DE5D4-1D69-4AEB-A608-813380DB18BA}
		{116E25C3-60AA-47FB-B0B0-F2650D914C41} = {D56DE5D4-1D69-4AEB-A608-813380DB18BA}
		{2E03CF11-D945-45D9-BD0E-927E5A7964A5} = {D56DE5D4-1D69-4AEB-A608-813380DB18BA}
		{8AD64DF7-4B25-4A62-BBB5-322A5507E058} = {D56DE5D4-1D69-4AEB-A608-813380DB18BA}
		{9ACCBE38-681E-425F-9D2E-EC5F74D04FB5} = {D56DE5D4-1D69-4AEB-A608-813380DB18BA}
		{A956B660-3A75-4E28-B008-3D475E7BB12B} = {D56DE5D4-1D69-4AEB-A608-813380DB18BA}
		{E9F16DED-89B4-4860-9116-91CF0B47C01C} = {F852E290-8B1F-40A7-9188-53523F9AB935}
		{1116F4B7-7B13-42D9-9676-8CC5CAAB9700} = {3787A546-0D2B-4145-9A2E-95B1C5F76DEA}
		{B4619FC5-3D49-49F9-94A8-796419A1FFD5} = {116E25C3-60AA-47FB-B0B0-F2650D914C41}
		{B1347F5E-FDAE-488F-9543-8525AA69EDDD} = {212DBDC0-8221-450B-B134-735BCF829D64}
		{F3C83195-C16A-431E-9FF1-0C70E909A1B2} = {E528E0EA-0012-4584-A030-14554830AADB}
		{3BA15667-B060-4AD0-B6D9-95C26E4791AF} = {8AD64DF7-4B25-4A62-BBB5-322A5507E058}
		{E2019A28-90C5-4705-9D65-EE72ED69A483} = {9ACCBE38-681E-425F-9D2E-EC5F74D04FB5}
		{D6D40AB7-F120-443B-A4F6-0EFB505BDB5C} = {0776644C-0E90-4D4D-A75C-E8D7FC7DC6F4}
		{02595A00-246B-4CDB-8870-0D5AC08C1B85} = {C6627F43-8A23-4402-9942-2502ECC9A917}
	EndGlobalSection
EndGlobal
